
Microsoft Visual Studio Solution File, Format Version 12.00
# Visual Studio Version 16
VisualStudioVersion = 16.0.32228.343
MinimumVisualStudioVersion = 10.0.40219.1
Project("{9A19103F-16F7-4668-BE54-9A1E7A4F7556}") = "PkodevUpdater", "PkodevUpdater\PkodevUpdater.csproj", "{5A94B6E0-CEEF-4C69-A45F-F1409AE55CB8}"
EndProject
Project("{FAE04EC0-301F-11D3-BF4B-00C04F79EFBC}") = "UpdaterLibrary", "UpdaterLibrary\UpdaterLibrary.csproj", "{AC2130D7-D833-4128-9747-DCB9C6EE8593}"
EndProject
Global
	GlobalSection(SolutionConfigurationPlatforms) = preSolution
		Debug|Any CPU = Debug|Any CPU
		Release|Any CPU = Release|Any CPU
	EndGlobalSection
	GlobalSection(ProjectConfigurationPlatforms) = postSolution
		{5A94B6E0-CEEF-4C69-A45F-F1409AE55CB8}.Debug|Any CPU.ActiveCfg = Debug|Any CPU
		{5A94B6E0-CEEF-4C69-A45F-F1409AE55CB8}.Debug|Any CPU.Build.0 = Debug|Any CPU
		{5A94B6E0-CEEF-4C69-A45F-F1409AE55CB8}.Release|Any CPU.ActiveCfg = Release|Any CPU
		{5A94B6E0-CEEF-4C69-A45F-F1409AE55CB8}.Release|Any CPU.Build.0 = Release|Any CPU
		{AC2130D7-D833-4128-9747-DCB9C6EE8593}.Debug|Any CPU.ActiveCfg = Debug|Any CPU
		{AC2130D7-D833-4128-9747-DCB9C6EE8593}.Debug|Any CPU.Build.0 = Debug|Any CPU
		{AC2130D7-D833-4128-9747-DCB9C6EE8593}.Release|Any CPU.ActiveCfg = Release|Any CPU
		{AC2130D7-D833-4128-9747-DCB9C6EE8593}.Release|Any CPU.Build.0 = Release|Any CPU
	EndGlobalSection
	GlobalSection(SolutionProperties) = preSolution
		HideSolutionNode = FALSE
	EndGlobalSection
	GlobalSection(ExtensibilityGlobals) = postSolution
		SolutionGuid = {171AB29D-2F5B-4921-87E8-5DD042A2AAE9}
	EndGlobalSection
EndGlobal
